
Microsoft Visual Studio Solution File, Format Version 12.00
# Visual Studio 15
VisualStudioVersion = 15.0.28010.2026
MinimumVisualStudioVersion = 10.0.40219.1
Project("{9A19103F-16F7-4668-BE54-9A1E7A4F7556}") = "Messenger", "Source\Messenger\Messenger.csproj", "{31F2019D-D03D-4782-BA1A-7DEC1360F371}"
EndProject
Project("{FAE04EC0-301F-11D3-BF4B-00C04F79EFBC}") = "Messenger.Android", "Source\Messenger.Android\Messenger.Android.csproj", "{F31B7865-6865-4965-8F81-8552AFC34FF0}"
EndProject
Project("{FAE04EC0-301F-11D3-BF4B-00C04F79EFBC}") = "Messenger.iOS", "Source\Messenger.iOS\Messenger.iOS.csproj", "{4EA8F743-007B-44C1-9EC8-B279C4F862E1}"
EndProject
Global
	GlobalSection(SolutionConfigurationPlatforms) = preSolution
		Ad-Hoc|Any CPU = Ad-Hoc|Any CPU
		Ad-Hoc|iPhone = Ad-Hoc|iPhone
		Ad-Hoc|iPhoneSimulator = Ad-Hoc|iPhoneSimulator
		AppStore|Any CPU = AppStore|Any CPU
		AppStore|iPhone = AppStore|iPhone
		AppStore|iPhoneSimulator = AppStore|iPhoneSimulator
		Debug|Any CPU = Debug|Any CPU
		Debug|iPhone = Debug|iPhone
		Debug|iPhoneSimulator = Debug|iPhoneSimulator
		Release|Any CPU = Release|Any CPU
		Release|iPhone = Release|iPhone
		Release|iPhoneSimulator = Release|iPhoneSimulator
	EndGlobalSection
	GlobalSection(ProjectConfigurationPlatforms) = postSolution
		{31F2019D-D03D-4782-BA1A-7DEC1360F371}.Ad-Hoc|Any CPU.ActiveCfg = Debug|Any CPU
		{31F2019D-D03D-4782-BA1A-7DEC1360F371}.Ad-Hoc|Any CPU.Build.0 = Debug|Any CPU
		{31F2019D-D03D-4782-BA1A-7DEC1360F371}.Ad-Hoc|iPhone.ActiveCfg = Debug|Any CPU
		{31F2019D-D03D-4782-BA1A-7DEC1360F371}.Ad-Hoc|iPhone.Build.0 = Debug|Any CPU
		{31F2019D-D03D-4782-BA1A-7DEC1360F371}.Ad-Hoc|iPhoneSimulator.ActiveCfg = Debug|Any CPU
		{31F2019D-D03D-4782-BA1A-7DEC1360F371}.Ad-Hoc|iPhoneSimulator.Build.0 = Debug|Any CPU
		{31F2019D-D03D-4782-BA1A-7DEC1360F371}.AppStore|Any CPU.ActiveCfg = Debug|Any CPU
		{31F2019D-D03D-4782-BA1A-7DEC1360F371}.AppStore|Any CPU.Build.0 = Debug|Any CPU
		{31F2019D-D03D-4782-BA1A-7DEC1360F371}.AppStore|iPhone.ActiveCfg = Debug|Any CPU
		{31F2019D-D03D-4782-BA1A-7DEC1360F371}.AppStore|iPhone.Build.0 = Debug|Any CPU
		{31F2019D-D03D-4782-BA1A-7DEC1360F371}.AppStore|iPhoneSimulator.ActiveCfg = Debug|Any CPU
		{31F2019D-D03D-4782-BA1A-7DEC1360F371}.AppStore|iPhoneSimulator.Build.0 = Debug|Any CPU
		{31F2019D-D03D-4782-BA1A-7DEC1360F371}.Debug|Any CPU.ActiveCfg = Debug|Any CPU
		{31F2019D-D03D-4782-BA1A-7DEC1360F371}.Debug|Any CPU.Build.0 = Debug|Any CPU
		{31F2019D-D03D-4782-BA1A-7DEC1360F371}.Debug|iPhone.ActiveCfg = Debug|Any CPU
		{31F2019D-D03D-4782-BA1A-7DEC1360F371}.Debug|iPhone.Build.0 = Debug|Any CPU
		{31F2019D-D03D-4782-BA1A-7DEC1360F371}.Debug|iPhoneSimulator.ActiveCfg = Debug|Any CPU
		{31F2019D-D03D-4782-BA1A-7DEC1360F371}.Debug|iPhoneSimulator.Build.0 = Debug|Any CPU
		{31F2019D-D03D-4782-BA1A-7DEC1360F371}.Release|Any CPU.ActiveCfg = Release|Any CPU
		{31F2019D-D03D-4782-BA1A-7DEC1360F371}.Release|Any CPU.Build.0 = Release|Any CPU
		{31F2019D-D03D-4782-BA1A-7DEC1360F371}.Release|iPhone.ActiveCfg = Release|Any CPU
		{31F2019D-D03D-4782-BA1A-7DEC1360F371}.Release|iPhone.Build.0 = Release|Any CPU
		{31F2019D-D03D-4782-BA1A-7DEC1360F371}.Release|iPhoneSimulator.ActiveCfg = Release|Any CPU
		{31F2019D-D03D-4782-BA1A-7DEC1360F371}.Release|iPhoneSimulator.Build.0 = Release|Any CPU
		{F31B7865-6865-4965-8F81-8552AFC34FF0}.Ad-Hoc|Any CPU.ActiveCfg = Release|Any CPU
		{F31B7865-6865-4965-8F81-8552AFC34FF0}.Ad-Hoc|Any CPU.Build.0 = Release|Any CPU
		{F31B7865-6865-4965-8F81-8552AFC34FF0}.Ad-Hoc|Any CPU.Deploy.0 = Release|Any CPU
		{F31B7865-6865-4965-8F81-8552AFC34FF0}.Ad-Hoc|iPhone.ActiveCfg = Release|Any CPU
		{F31B7865-6865-4965-8F81-8552AFC34FF0}.Ad-Hoc|iPhone.Build.0 = Release|Any CPU
		{F31B7865-6865-4965-8F81-8552AFC34FF0}.Ad-Hoc|iPhone.Deploy.0 = Release|Any CPU
		{F31B7865-6865-4965-8F81-8552AFC34FF0}.Ad-Hoc|iPhoneSimulator.ActiveCfg = Release|Any CPU
		{F31B7865-6865-4965-8F81-8552AFC34FF0}.Ad-Hoc|iPhoneSimulator.Build.0 = Release|Any CPU
		{F31B7865-6865-4965-8F81-8552AFC34FF0}.Ad-Hoc|iPhoneSimulator.Deploy.0 = Release|Any CPU
		{F31B7865-6865-4965-8F81-8552AFC34FF0}.AppStore|Any CPU.ActiveCfg = Release|Any CPU
		{F31B7865-6865-4965-8F81-8552AFC34FF0}.AppStore|Any CPU.Build.0 = Release|Any CPU
		{F31B7865-6865-4965-8F81-8552AFC34FF0}.AppStore|Any CPU.Deploy.0 = Release|Any CPU
		{F31B7865-6865-4965-8F81-8552AFC34FF0}.AppStore|iPhone.ActiveCfg = Release|Any CPU
		{F31B7865-6865-4965-8F81-8552AFC34FF0}.AppStore|iPhone.Build.0 = Release|Any CPU
		{F31B7865-6865-4965-8F81-8552AFC34FF0}.AppStore|iPhone.Deploy.0 = Release|Any CPU
		{F31B7865-6865-4965-8F81-8552AFC34FF0}.AppStore|iPhoneSimulator.ActiveCfg = Release|Any CPU
		{F31B7865-6865-4965-8F81-8552AFC34FF0}.AppStore|iPhoneSimulator.Build.0 = Release|Any CPU
		{F31B7865-6865-4965-8F81-8552AFC34FF0}.AppStore|iPhoneSimulator.Deploy.0 = Release|Any CPU
		{F31B7865-6865-4965-8F81-8552AFC34FF0}.Debug|Any CPU.ActiveCfg = Debug|Any CPU
		{F31B7865-6865-4965-8F81-8552AFC34FF0}.Debug|Any CPU.Build.0 = Debug|Any CPU
		{F31B7865-6865-4965-8F81-8552AFC34FF0}.Debug|Any CPU.Deploy.0 = Debug|Any CPU
		{F31B7865-6865-4965-8F81-8552AFC34FF0}.Debug|iPhone.ActiveCfg = Debug|Any CPU
		{F31B7865-6865-4965-8F81-8552AFC34FF0}.Debug|iPhone.Build.0 = Debug|Any CPU
		{F31B7865-6865-4965-8F81-8552AFC34FF0}.Debug|iPhone.Deploy.0 = Debug|Any CPU
		{F31B7865-6865-4965-8F81-8552AFC34FF0}.Debug|iPhoneSimulator.ActiveCfg = Debug|Any CPU
		{F31B7865-6865-4965-8F81-8552AFC34FF0}.Debug|iPhoneSimulator.Build.0 = Debug|Any CPU
		{F31B7865-6865-4965-8F81-8552AFC34FF0}.Debug|iPhoneSimulator.Deploy.0 = Debug|Any CPU
		{F31B7865-6865-4965-8F81-8552AFC34FF0}.Release|Any CPU.ActiveCfg = Release|Any CPU
		{F31B7865-6865-4965-8F81-8552AFC34FF0}.Release|Any CPU.Build.0 = Release|Any CPU
		{F31B7865-6865-4965-8F81-8552AFC34FF0}.Release|Any CPU.Deploy.0 = Release|Any CPU
		{F31B7865-6865-4965-8F81-8552AFC34FF0}.Release|iPhone.ActiveCfg = Release|Any CPU
		{F31B7865-6865-4965-8F81-8552AFC34FF0}.Release|iPhone.Build.0 = Release|Any CPU
		{F31B7865-6865-4965-8F81-8552AFC34FF0}.Release|iPhone.Deploy.0 = Release|Any CPU
		{F31B7865-6865-4965-8F81-8552AFC34FF0}.Release|iPhoneSimulator.ActiveCfg = Release|Any CPU
		{F31B7865-6865-4965-8F81-8552AFC34FF0}.Release|iPhoneSimulator.Build.0 = Release|Any CPU
		{F31B7865-6865-4965-8F81-8552AFC34FF0}.Release|iPhoneSimulator.Deploy.0 = Release|Any CPU
		{4EA8F743-007B-44C1-9EC8-B279C4F862E1}.Ad-Hoc|Any CPU.ActiveCfg = Ad-Hoc|iPhone
		{4EA8F743-007B-44C1-9EC8-B279C4F862E1}.Ad-Hoc|iPhone.ActiveCfg = Ad-Hoc|iPhone
		{4EA8F743-007B-44C1-9EC8-B279C4F862E1}.Ad-Hoc|iPhone.Build.0 = Ad-Hoc|iPhone
		{4EA8F743-007B-44C1-9EC8-B279C4F862E1}.Ad-Hoc|iPhoneSimulator.ActiveCfg = Ad-Hoc|iPhoneSimulator
		{4EA8F743-007B-44C1-9EC8-B279C4F862E1}.Ad-Hoc|iPhoneSimulator.Build.0 = Ad-Hoc|iPhoneSimulator
		{4EA8F743-007B-44C1-9EC8-B279C4F862E1}.AppStore|Any CPU.ActiveCfg = AppStore|iPhone
		{4EA8F743-007B-44C1-9EC8-B279C4F862E1}.AppStore|iPhone.ActiveCfg = AppStore|iPhone
		{4EA8F743-007B-44C1-9EC8-B279C4F862E1}.AppStore|iPhone.Build.0 = AppStore|iPhone
		{4EA8F743-007B-44C1-9EC8-B279C4F862E1}.AppStore|iPhoneSimulator.ActiveCfg = AppStore|iPhoneSimulator
		{4EA8F743-007B-44C1-9EC8-B279C4F862E1}.AppStore|iPhoneSimulator.Build.0 = AppStore|iPhoneSimulator
		{4EA8F743-007B-44C1-9EC8-B279C4F862E1}.Debug|Any CPU.ActiveCfg = Debug|iPhone
		{4EA8F743-007B-44C1-9EC8-B279C4F862E1}.Debug|iPhone.ActiveCfg = Debug|iPhone
		{4EA8F743-007B-44C1-9EC8-B279C4F862E1}.Debug|iPhone.Build.0 = Debug|iPhone
		{4EA8F743-007B-44C1-9EC8-B279C4F862E1}.Debug|iPhoneSimulator.ActiveCfg = Debug|iPhoneSimulator
		{4EA8F743-007B-44C1-9EC8-B279C4F862E1}.Debug|iPhoneSimulator.Build.0 = Debug|iPhoneSimulator
		{4EA8F743-007B-44C1-9EC8-B279C4F862E1}.Release|Any CPU.ActiveCfg = Release|iPhone
		{4EA8F743-007B-44C1-9EC8-B279C4F862E1}.Release|iPhone.ActiveCfg = Release|iPhone
		{4EA8F743-007B-44C1-9EC8-B279C4F862E1}.Release|iPhone.Build.0 = Release|iPhone
		{4EA8F743-007B-44C1-9EC8-B279C4F862E1}.Release|iPhoneSimulator.ActiveCfg = Release|iPhoneSimulator
		{4EA8F743-007B-44C1-9EC8-B279C4F862E1}.Release|iPhoneSimulator.Build.0 = Release|iPhoneSimulator
	EndGlobalSection
	GlobalSection(SolutionProperties) = preSolution
		HideSolutionNode = FALSE
	EndGlobalSection
	GlobalSection(ExtensibilityGlobals) = postSolution
		SolutionGuid = {3633A0B2-1C24-45F4-B59E-B9E2A322BB3D}
	EndGlobalSection
EndGlobal
